
Microsoft Visual Studio Solution File, Format Version 12.00
# Visual Studio 15
VisualStudioVersion = 15.0.28010.2016
MinimumVisualStudioVersion = 10.0.40219.1
Project("{FAE04EC0-301F-11D3-BF4B-00C04F79EFBC}") = "Lab1Start", "Lab1Start\Lab1Start.csproj", "{E57D5A48-F428-4C72-93DB-B75E18188356}"
EndProject
Project("{FAE04EC0-301F-11D3-BF4B-00C04F79EFBC}") = "Lab2Zoo", "Lab2Zoo\Lab2Zoo.csproj", "{63F06098-A7B7-4C88-802B-CDB3C37CC727}"
EndProject
Project("{FAE04EC0-301F-11D3-BF4B-00C04F79EFBC}") = "ZooTestProject", "ZooTestProject\ZooTestProject.csproj", "{06151304-9163-4297-977E-FADE0B75AD12}"
EndProject
Global
	GlobalSection(SolutionConfigurationPlatforms) = preSolution
		Debug|Any CPU = Debug|Any CPU
		Release|Any CPU = Release|Any CPU
	EndGlobalSection
	GlobalSection(ProjectConfigurationPlatforms) = postSolution
		{E57D5A48-F428-4C72-93DB-B75E18188356}.Debug|Any CPU.ActiveCfg = Debug|Any CPU
		{E57D5A48-F428-4C72-93DB-B75E18188356}.Debug|Any CPU.Build.0 = Debug|Any CPU
		{E57D5A48-F428-4C72-93DB-B75E18188356}.Release|Any CPU.ActiveCfg = Release|Any CPU
		{E57D5A48-F428-4C72-93DB-B75E18188356}.Release|Any CPU.Build.0 = Release|Any CPU
		{63F06098-A7B7-4C88-802B-CDB3C37CC727}.Debug|Any CPU.ActiveCfg = Debug|Any CPU
		{63F06098-A7B7-4C88-802B-CDB3C37CC727}.Debug|Any CPU.Build.0 = Debug|Any CPU
		{63F06098-A7B7-4C88-802B-CDB3C37CC727}.Release|Any CPU.ActiveCfg = Release|Any CPU
		{63F06098-A7B7-4C88-802B-CDB3C37CC727}.Release|Any CPU.Build.0 = Release|Any CPU
		{06151304-9163-4297-977E-FADE0B75AD12}.Debug|Any CPU.ActiveCfg = Debug|Any CPU
		{06151304-9163-4297-977E-FADE0B75AD12}.Debug|Any CPU.Build.0 = Debug|Any CPU
		{06151304-9163-4297-977E-FADE0B75AD12}.Release|Any CPU.ActiveCfg = Release|Any CPU
		{06151304-9163-4297-977E-FADE0B75AD12}.Release|Any CPU.Build.0 = Release|Any CPU
	EndGlobalSection
	GlobalSection(SolutionProperties) = preSolution
		HideSolutionNode = FALSE
	EndGlobalSection
	GlobalSection(ExtensibilityGlobals) = postSolution
		SolutionGuid = {6F3ED639-2118-484B-B227-58E8667FA5A5}
	EndGlobalSection
EndGlobal
